
Microsoft Visual Studio Solution File, Format Version 12.00
Project("{FAE04EC0-301F-11D3-BF4B-00C04F79EFBC}") = "UnityEditorInternals", "UnityEditorInternals\UnityEditorInternals.csproj", "{94677F00-FD8E-4E12-BC4F-91BF3371C309}"
EndProject
Project("{FAE04EC0-301F-11D3-BF4B-00C04F79EFBC}") = "UnityEngineInternals", "UnityEngineInternals\UnityEngineInternals.csproj", "{0ECCC8A8-BCF8-4429-A35C-05C9FFD4741C}"
EndProject
Global
	GlobalSection(SolutionConfigurationPlatforms) = preSolution
		Release|Unity2020 = Release|Unity2020
		Release|Unity2019 = Release|Unity2019
		Debug|Unity2020 = Debug|Unity2020
		Debug|Unity2019 = Debug|Unity2019
	EndGlobalSection
	GlobalSection(ProjectConfigurationPlatforms) = postSolution
		{94677F00-FD8E-4E12-BC4F-91BF3371C309}.Release|Unity2020.ActiveCfg = Release|Unity2020
		{94677F00-FD8E-4E12-BC4F-91BF3371C309}.Release|Unity2020.Build.0 = Release|Unity2020
		{94677F00-FD8E-4E12-BC4F-91BF3371C309}.Debug|Unity2020.ActiveCfg = Debug|Unity2020
		{94677F00-FD8E-4E12-BC4F-91BF3371C309}.Debug|Unity2020.Build.0 = Debug|Unity2020
		{94677F00-FD8E-4E12-BC4F-91BF3371C309}.Debug|Unity2019.ActiveCfg = Debug|Unity2019
		{94677F00-FD8E-4E12-BC4F-91BF3371C309}.Debug|Unity2019.Build.0 = Debug|Unity2019
		{94677F00-FD8E-4E12-BC4F-91BF3371C309}.Release|Unity2019.ActiveCfg = Release|Unity2019
		{94677F00-FD8E-4E12-BC4F-91BF3371C309}.Release|Unity2019.Build.0 = Release|Unity2019
		{0ECCC8A8-BCF8-4429-A35C-05C9FFD4741C}.Debug|Unity2019.ActiveCfg = Debug|AnyUnityVersion
		{0ECCC8A8-BCF8-4429-A35C-05C9FFD4741C}.Debug|Unity2019.Build.0 = Debug|AnyUnityVersion
		{0ECCC8A8-BCF8-4429-A35C-05C9FFD4741C}.Debug|Unity2020.ActiveCfg = Debug|AnyUnityVersion
		{0ECCC8A8-BCF8-4429-A35C-05C9FFD4741C}.Debug|Unity2020.Build.0 = Debug|AnyUnityVersion
		{0ECCC8A8-BCF8-4429-A35C-05C9FFD4741C}.Release|Unity2019.ActiveCfg = Release|AnyUnityVersion
		{0ECCC8A8-BCF8-4429-A35C-05C9FFD4741C}.Release|Unity2019.Build.0 = Release|AnyUnityVersion
		{0ECCC8A8-BCF8-4429-A35C-05C9FFD4741C}.Release|Unity2020.ActiveCfg = Release|AnyUnityVersion
		{0ECCC8A8-BCF8-4429-A35C-05C9FFD4741C}.Release|Unity2020.Build.0 = Release|AnyUnityVersion
	EndGlobalSection
EndGlobal
